# THIS IS AN AUTOGENERATED FILE. DO NOT EDIT THIS FILE DIRECTLY.
# yarn lockfile v1


fake-data-generator-taiwan@^1.0.4:
  version "1.0.4"
  resolved "https://registry.yarnpkg.com/fake-data-generator-taiwan/-/fake-data-generator-taiwan-1.0.4.tgz#eda8d3a6ff458b1e28cbf521a452360d1b78a898"
  integrity sha512-IpjLKCbCn1/1zrkL/jpoCETeGeHecBXwO5cfOhDX5CZRaSbO8T3l4QNmehgePYe246HbmEv0mgBZODKHBNxYLA==

moment@^2.29.3:
  version "2.29.3"
  resolved "https://registry.yarnpkg.com/moment/-/moment-2.29.3.tgz#edd47411c322413999f7a5940d526de183c031f3"
  integrity sha512-c6YRvhEo//6T2Jz/vVtYzqBzwvPT95JBQ+smCytzf7c50oMZRsR/a4w88aD34I+/QVSfnoAnSBFPJHItlOMJVw==
